// !$*UTF8*$!
{
	archiveVersion = 1;
	classes = {
	};
	objectVersion = 50;
	objects = {

/* Begin PBXBuildFile section */
		F13E754F21FE667B00A578B4 /* AppDelegate.swift in Sources */ = {isa = PBXBuildFile; fileRef = F13E754E21FE667B00A578B4 /* AppDelegate.swift */; };
		F13E755121FE667B00A578B4 /* ViewController.swift in Sources */ = {isa = PBXBuildFile; fileRef = F13E755021FE667B00A578B4 /* ViewController.swift */; };
		F13E755421FE667B00A578B4 /* Main.storyboard in Resources */ = {isa = PBXBuildFile; fileRef = F13E755221FE667B00A578B4 /* Main.storyboard */; };
		F13E755621FE667C00A578B4 /* Assets.xcassets in Resources */ = {isa = PBXBuildFile; fileRef = F13E755521FE667C00A578B4 /* Assets.xcassets */; };
		F13E755921FE667C00A578B4 /* LaunchScreen.storyboard in Resources */ = {isa = PBXBuildFile; fileRef = F13E755721FE667C00A578B4 /* LaunchScreen.storyboard */; };
		F13E756421FE667C00A578B4 /* tippyTests.swift in Sources */ = {isa = PBXBuildFile; fileRef = F13E756321FE667C00A578B4 /* tippyTests.swift */; };
		F13E756F21FE667C00A578B4 /* tippyUITests.swift in Sources */ = {isa = PBXBuildFile; fileRef = F13E756E21FE667C00A578B4 /* tippyUITests.swift */; };
/* End PBXBuildFile section */

/* Begin PBXContainerItemProxy section */
		F13E756021FE667C00A578B4 /* PBXContainerItemProxy */ = {
			isa = PBXContainerItemProxy;
			containerPortal = F13E754321FE667B00A578B4 /* Project object */;
			proxyType = 1;
			remoteGlobalIDString = F13E754A21FE667B00A578B4;
			remoteInfo = tippy;
		};
		F13E756B21FE667C00A578B4 /* PBXContainerItemProxy */ = {
			isa = PBXContainerItemProxy;
			containerPortal = F13E754321FE667B00A578B4 /* Project object */;
			proxyType = 1;
			remoteGlobalIDString = F13E754A21FE667B00A578B4;
			remoteInfo = tippy;
		};
/* End PBXContainerItemProxy section */

/* Begin PBXFileReference section */
		F13E754B21FE667B00A578B4 /* tippy.app */ = {isa = PBXFileReference; explicitFileType = wrapper.application; includeInIndex = 0; path = tippy.app; sourceTree = BUILT_PRODUCTS_DIR; };
		F13E754E21FE667B00A578B4 /* AppDelegate.swift */ = {isa = PBXFileReference; lastKnownFileType = sourcecode.swift; path = AppDelegate.swift; sourceTree = "<group>"; };
		F13E755021FE667B00A578B4 /* ViewController.swift */ = {isa = PBXFileReference; lastKnownFileType = sourcecode.swift; path = ViewController.swift; sourceTree = "<group>"; };
		F13E755321FE667B00A578B4 /* Base */ = {isa = PBXFileReference; lastKnownFileType = file.storyboard; name = Base; path = Base.lproj/Main.storyboard; sourceTree = "<group>"; };
		F13E755521FE667C00A578B4 /* Assets.xcassets */ = {isa = PBXFileReference; lastKnownFileType = folder.assetcatalog; path = Assets.xcassets; sourceTree = "<group>"; };
		F13E755821FE667C00A578B4 /* Base */ = {isa = PBXFileReference; lastKnownFileType = file.storyboard; name = Base; path = Base.lproj/LaunchScreen.storyboard; sourceTree = "<group>"; };
		F13E755A21FE667C00A578B4 /* Info.plist */ = {isa = PBXFileReference; lastKnownFileType = text.plist.xml; path = Info.plist; sourceTree = "<group>"; };
		F13E755F21FE667C00A578B4 /* tippyTests.xctest */ = {isa = PBXFileReference; explicitFileType = wrapper.cfbundle; includeInIndex = 0; path = tippyTests.xctest; sourceTree = BUILT_PRODUCTS_DIR; };
		F13E756321FE667C00A578B4 /* tippyTests.swift */ = {isa = PBXFileReference; lastKnownFileType = sourcecode.swift; path = tippyTests.swift; sourceTree = "<group>"; };
		F13E756521FE667C00A578B4 /* Info.plist */ = {isa = PBXFileReference; lastKnownFileType = text.plist.xml; path = Info.plist; sourceTree = "<group>"; };
		F13E756A21FE667C00A578B4 /* tippyUITests.xctest */ = {isa = PBXFileReference; explicitFileType = wrapper.cfbundle; includeInIndex = 0; path = tippyUITests.xctest; sourceTree = BUILT_PRODUCTS_DIR; };
		F13E756E21FE667C00A578B4 /* tippyUITests.swift */ = {isa = PBXFileReference; lastKnownFileType = sourcecode.swift; path = tippyUITests.swift; sourceTree = "<group>"; };
		F13E757021FE667C00A578B4 /* Info.plist */ = {isa = PBXFileReference; lastKnownFileType = text.plist.xml; path = Info.plist; sourceTree = "<group>"; };
/* End PBXFileReference section */

/* Begin PBXFrameworksBuildPhase section */
		F13E754821FE667B00A578B4 /* Frameworks */ = {
			isa = PBXFrameworksBuildPhase;
			buildActionMask = 2147483647;
			files = (
			);
			runOnlyForDeploymentPostprocessing = 0;
		};
		F13E755C21FE667C00A578B4 /* Frameworks */ = {
			isa = PBXFrameworksBuildPhase;
			buildActionMask = 2147483647;
			files = (
			);
			runOnlyForDeploymentPostprocessing = 0;
		};
		F13E756721FE667C00A578B4 /* Frameworks */ = {
			isa = PBXFrameworksBuildPhase;
			buildActionMask = 2147483647;
			files = (
			);
			runOnlyForDeploymentPostprocessing = 0;
		};
/* End PBXFrameworksBuildPhase section */

/* Begin PBXGroup section */
		F13E754221FE667B00A578B4 = {
			isa = PBXGroup;
			children = (
				F13E754D21FE667B00A578B4 /* tippy */,
				F13E756221FE667C00A578B4 /* tippyTests */,
				F13E756D21FE667C00A578B4 /* tippyUITests */,
				F13E754C21FE667B00A578B4 /* Products */,
			);
			sourceTree = "<group>";
		};
		F13E754C21FE667B00A578B4 /* Products */ = {
			isa = PBXGroup;
			children = (
				F13E754B21FE667B00A578B4 /* tippy.app */,
				F13E755F21FE667C00A578B4 /* tippyTests.xctest */,
				F13E756A21FE667C00A578B4 /* tippyUITests.xctest */,
			);
			name = Products;
			sourceTree = "<group>";
		};
		F13E754D21FE667B00A578B4 /* tippy */ = {
			isa = PBXGroup;
			children = (
				F13E754E21FE667B00A578B4 /* AppDelegate.swift */,
				F13E755021FE667B00A578B4 /* ViewController.swift */,
				F13E755221FE667B00A578B4 /* Main.storyboard */,
				F13E755521FE667C00A578B4 /* Assets.xcassets */,
				F13E755721FE667C00A578B4 /* LaunchScreen.storyboard */,
				F13E755A21FE667C00A578B4 /* Info.plist */,
			);
			path = tippy;
			sourceTree = "<group>";
		};
		F13E756221FE667C00A578B4 /* tippyTests */ = {
			isa = PBXGroup;
			children = (
				F13E756321FE667C00A578B4 /* tippyTests.swift */,
				F13E756521FE667C00A578B4 /* Info.plist */,
			);
			path = tippyTests;
			sourceTree = "<group>";
		};
		F13E756D21FE667C00A578B4 /* tippyUITests */ = {
			isa = PBXGroup;
			children = (
				F13E756E21FE667C00A578B4 /* tippyUITests.swift */,
				F13E757021FE667C00A578B4 /* Info.plist */,
			);
			path = tippyUITests;
			sourceTree = "<group>";
		};
/* End PBXGroup section */

/* Begin PBXNativeTarget section */
		F13E754A21FE667B00A578B4 /* tippy */ = {
			isa = PBXNativeTarget;
			buildConfigurationList = F13E757321FE667C00A578B4 /* Build configuration list for PBXNativeTarget "tippy" */;
			buildPhases = (
				F13E754721FE667B00A578B4 /* Sources */,
				F13E754821FE667B00A578B4 /* Frameworks */,
				F13E754921FE667B00A578B4 /* Resources */,
			);
			buildRules = (
			);
			dependencies = (
			);
			name = tippy;
			productName = tippy;
			productReference = F13E754B21FE667B00A578B4 /* tippy.app */;
			productType = "com.apple.product-type.application";
		};
		F13E755E21FE667C00A578B4 /* tippyTests */ = {
			isa = PBXNativeTarget;
			buildConfigurationList = F13E757621FE667C00A578B4 /* Build configuration list for PBXNativeTarget "tippyTests" */;
			buildPhases = (
				F13E755B21FE667C00A578B4 /* Sources */,
				F13E755C21FE667C00A578B4 /* Frameworks */,
				F13E755D21FE667C00A578B4 /* Resources */,
			);
			buildRules = (
			);
			dependencies = (
				F13E756121FE667C00A578B4 /* PBXTargetDependency */,
			);
			name = tippyTests;
			productName = tippyTests;
			productReference = F13E755F21FE667C00A578B4 /* tippyTests.xctest */;
			productType = "com.apple.product-type.bundle.unit-test";
		};
		F13E756921FE667C00A578B4 /* tippyUITests */ = {
			isa = PBXNativeTarget;
			buildConfigurationList = F13E757921FE667C00A578B4 /* Build configuration list for PBXNativeTarget "tippyUITests" */;
			buildPhases = (
				F13E756621FE667C00A578B4 /* Sources */,
				F13E756721FE667C00A578B4 /* Frameworks */,
				F13E756821FE667C00A578B4 /* Resources */,
			);
			buildRules = (
			);
			dependencies = (
				F13E756C21FE667C00A578B4 /* PBXTargetDependency */,
			);
			name = tippyUITests;
			productName = tippyUITests;
			productReference = F13E756A21FE667C00A578B4 /* tippyUITests.xctest */;
			productType = "com.apple.product-type.bundle.ui-testing";
		};
/* End PBXNativeTarget section */

/* Begin PBXProject section */
		F13E754321FE667B00A578B4 /* Project object */ = {
			isa = PBXProject;
			attributes = {
				LastSwiftUpdateCheck = 0940;
				LastUpgradeCheck = 0940;
				ORGANIZATIONNAME = "Tran, Johnathan H";
				TargetAttributes = {
					F13E754A21FE667B00A578B4 = {
						CreatedOnToolsVersion = 9.4.1;
					};
					F13E755E21FE667C00A578B4 = {
						CreatedOnToolsVersion = 9.4.1;
						TestTargetID = F13E754A21FE667B00A578B4;
					};
					F13E756921FE667C00A578B4 = {
						CreatedOnToolsVersion = 9.4.1;
						TestTargetID = F13E754A21FE667B00A578B4;
					};
				};
			};
			buildConfigurationList = F13E754621FE667B00A578B4 /* Build configuration list for PBXProject "tippy" */;
			compatibilityVersion = "Xcode 9.3";
			developmentRegion = en;
			hasScannedForEncodings = 0;
			knownRegions = (
				en,
				Base,
			);
			mainGroup = F13E754221FE667B00A578B4;
			productRefGroup = F13E754C21FE667B00A578B4 /* Products */;
			projectDirPath = "";
			projectRoot = "";
			targets = (
				F13E754A21FE667B00A578B4 /* tippy */,
				F13E755E21FE667C00A578B4 /* tippyTests */,
				F13E756921FE667C00A578B4 /* tippyUITests */,
			);
		};
/* End PBXProject section */

/* Begin PBXResourcesBuildPhase section */
		F13E754921FE667B00A578B4 /* Resources */ = {
			isa = PBXResourcesBuildPhase;
			buildActionMask = 2147483647;
			files = (
				F13E755921FE667C00A578B4 /* LaunchScreen.storyboard in Resources */,
				F13E755621FE667C00A578B4 /* Assets.xcassets in Resources */,
				F13E755421FE667B00A578B4 /* Main.storyboard in Resources */,
			);
			runOnlyForDeploymentPostprocessing = 0;
		};
		F13E755D21FE667C00A578B4 /* Resources */ = {
			isa = PBXResourcesBuildPhase;
			buildActionMask = 2147483647;
			files = (
			);
			runOnlyForDeploymentPostprocessing = 0;
		};
		F13E756821FE667C00A578B4 /* Resources */ = {
			isa = PBXResourcesBuildPhase;
			buildActionMask = 2147483647;
			files = (
			);
			runOnlyForDeploymentPostprocessing = 0;
		};
/* End PBXResourcesBuildPhase section */

/* Begin PBXSourcesBuildPhase section */
		F13E754721FE667B00A578B4 /* Sources */ = {
			isa = PBXSourcesBuildPhase;
			buildActionMask = 2147483647;
			files = (
				F13E755121FE667B00A578B4 /* ViewController.swift in Sources */,
				F13E754F21FE667B00A578B4 /* AppDelegate.swift in Sources */,
			);
			runOnlyForDeploymentPostprocessing = 0;
		};
		F13E755B21FE667C00A578B4 /* Sources */ = {
			isa = PBXSourcesBuildPhase;
			buildActionMask = 2147483647;
			files = (
				F13E756421FE667C00A578B4 /* tippyTests.swift in Sources */,
			);
			runOnlyForDeploymentPostprocessing = 0;
		};
		F13E756621FE667C00A578B4 /* Sources */ = {
			isa = PBXSourcesBuildPhase;
			buildActionMask = 2147483647;
			files = (
				F13E756F21FE667C00A578B4 /* tippyUITests.swift in Sources */,
			);
			runOnlyForDeploymentPostprocessing = 0;
		};
/* End PBXSourcesBuildPhase section */

/* Begin PBXTargetDependency section */
		F13E756121FE667C00A578B4 /* PBXTargetDependency */ = {
			isa = PBXTargetDependency;
			target = F13E754A21FE667B00A578B4 /* tippy */;
			targetProxy = F13E756021FE667C00A578B4 /* PBXContainerItemProxy */;
		};
		F13E756C21FE667C00A578B4 /* PBXTargetDependency */ = {
			isa = PBXTargetDependency;
			target = F13E754A21FE667B00A578B4 /* tippy */;
			targetProxy = F13E756B21FE667C00A578B4 /* PBXContainerItemProxy */;
		};
/* End PBXTargetDependency section */

/* Begin PBXVariantGroup section */
		F13E755221FE667B00A578B4 /* Main.storyboard */ = {
			isa = PBXVariantGroup;
			children = (
				F13E755321FE667B00A578B4 /* Base */,
			);
			name = Main.storyboard;
			sourceTree = "<group>";
		};
		F13E755721FE667C00A578B4 /* LaunchScreen.storyboard */ = {
			isa = PBXVariantGroup;
			children = (
				F13E755821FE667C00A578B4 /* Base */,
			);
			name = LaunchScreen.storyboard;
			sourceTree = "<group>";
		};
/* End PBXVariantGroup section */

/* Begin XCBuildConfiguration section */
		F13E757121FE667C00A578B4 /* Debug */ = {
			isa = XCBuildConfiguration;
			buildSettings = {
				ALWAYS_SEARCH_USER_PATHS = NO;
				CLANG_ANALYZER_NONNULL = YES;
				CLANG_ANALYZER_NUMBER_OBJECT_CONVERSION = YES_AGGRESSIVE;
				CLANG_CXX_LANGUAGE_STANDARD = "gnu++14";
				CLANG_CXX_LIBRARY = "libc++";
				CLANG_ENABLE_MODULES = YES;
				CLANG_ENABLE_OBJC_ARC = YES;
				CLANG_ENABLE_OBJC_WEAK = YES;
				CLANG_WARN_BLOCK_CAPTURE_AUTORELEASING = YES;
				CLANG_WARN_BOOL_CONVERSION = YES;
				CLANG_WARN_COMMA = YES;
				CLANG_WARN_CONSTANT_CONVERSION = YES;
				CLANG_WARN_DEPRECATED_OBJC_IMPLEMENTATIONS = YES;
				CLANG_WARN_DIRECT_OBJC_ISA_USAGE = YES_ERROR;
				CLANG_WARN_DOCUMENTATION_COMMENTS = YES;
				CLANG_WARN_EMPTY_BODY = YES;
				CLANG_WARN_ENUM_CONVERSION = YES;
				CLANG_WARN_INFINITE_RECURSION = YES;
				CLANG_WARN_INT_CONVERSION = YES;
				CLANG_WARN_NON_LITERAL_NULL_CONVERSION = YES;
				CLANG_WARN_OBJC_IMPLICIT_RETAIN_SELF = YES;
				CLANG_WARN_OBJC_LITERAL_CONVERSION = YES;
				CLANG_WARN_OBJC_ROOT_CLASS = YES_ERROR;
				CLANG_WARN_RANGE_LOOP_ANALYSIS = YES;
				CLANG_WARN_STRICT_PROTOTYPES = YES;
				CLANG_WARN_SUSPICIOUS_MOVE = YES;
				CLANG_WARN_UNGUARDED_AVAILABILITY = YES_AGGRESSIVE;
				CLANG_WARN_UNREACHABLE_CODE = YES;
				CLANG_WARN__DUPLICATE_METHOD_MATCH = YES;
				CODE_SIGN_IDENTITY = "iPhone Developer";
				COPY_PHASE_STRIP = NO;
				DEBUG_INFORMATION_FORMAT = dwarf;
				ENABLE_STRICT_OBJC_MSGSEND = YES;
				ENABLE_TESTABILITY = YES;
				GCC_C_LANGUAGE_STANDARD = gnu11;
				GCC_DYNAMIC_NO_PIC = NO;
				GCC_NO_COMMON_BLOCKS = YES;
				GCC_OPTIMIZATION_LEVEL = 0;
				GCC_PREPROCESSOR_DEFINITIONS = (
					"DEBUG=1",
					"$(inherited)",
				);
				GCC_WARN_64_TO_32_BIT_CONVERSION = YES;
				GCC_WARN_ABOUT_RETURN_TYPE = YES_ERROR;
				GCC_WARN_UNDECLARED_SELECTOR = YES;
				GCC_WARN_UNINITIALIZED_AUTOS = YES_AGGRESSIVE;
				GCC_WARN_UNUSED_FUNCTION = YES;
				GCC_WARN_UNUSED_VARIABLE = YES;
				IPHONEOS_DEPLOYMENT_TARGET = 11.4;
				MTL_ENABLE_DEBUG_INFO = YES;
				ONLY_ACTIVE_ARCH = YES;
				SDKROOT = iphoneos;
				SWIFT_ACTIVE_COMPILATION_CONDITIONS = DEBUG;
				SWIFT_OPTIMIZATION_LEVEL = "-Onone";
			};
			name = Debug;
		};
		F13E757221FE667C00A578B4 /* Release */ = {
			isa = XCBuildConfiguration;
			buildSettings = {
				ALWAYS_SEARCH_USER_PATHS = NO;
				CLANG_ANALYZER_NONNULL = YES;
				CLANG_ANALYZER_NUMBER_OBJECT_CONVERSION = YES_AGGRESSIVE;
				CLANG_CXX_LANGUAGE_STANDARD = "gnu++14";
				CLANG_CXX_LIBRARY = "libc++";
				CLANG_ENABLE_MODULES = YES;
				CLANG_ENABLE_OBJC_ARC = YES;
				CLANG_ENABLE_OBJC_WEAK = YES;
				CLANG_WARN_BLOCK_CAPTURE_AUTORELEASING = YES;
				CLANG_WARN_BOOL_CONVERSION = YES;
				CLANG_WARN_COMMA = YES;
				CLANG_WARN_CONSTANT_CONVERSION = YES;
				CLANG_WARN_DEPRECATED_OBJC_IMPLEMENTATIONS = YES;
				CLANG_WARN_DIRECT_OBJC_ISA_USAGE = YES_ERROR;
				CLANG_WARN_DOCUMENTATION_COMMENTS = YES;
				CLANG_WARN_EMPTY_BODY = YES;
				CLANG_WARN_ENUM_CONVERSION = YES;
				CLANG_WARN_INFINITE_RECURSION = YES;
				CLANG_WARN_INT_CONVERSION = YES;
				CLANG_WARN_NON_LITERAL_NULL_CONVERSION = YES;
				CLANG_WARN_OBJC_IMPLICIT_RETAIN_SELF = YES;
				CLANG_WARN_OBJC_LITERAL_CONVERSION = YES;
				CLANG_WARN_OBJC_ROOT_CLASS = YES_ERROR;
				CLANG_WARN_RANGE_LOOP_ANALYSIS = YES;
				CLANG_WARN_STRICT_PROTOTYPES = YES;
				CLANG_WARN_SUSPICIOUS_MOVE = YES;
				CLANG_WARN_UNGUARDED_AVAILABILITY = YES_AGGRESSIVE;
				CLANG_WARN_UNREACHABLE_CODE = YES;
				CLANG_WARN__DUPLICATE_METHOD_MATCH = YES;
				CODE_SIGN_IDENTITY = "iPhone Developer";
				COPY_PHASE_STRIP = NO;
				DEBUG_INFORMATION_FORMAT = "dwarf-with-dsym";
				ENABLE_NS_ASSERTIONS = NO;
				ENABLE_STRICT_OBJC_MSGSEND = YES;
				GCC_C_LANGUAGE_STANDARD = gnu11;
				GCC_NO_COMMON_BLOCKS = YES;
				GCC_WARN_64_TO_32_BIT_CONVERSION = YES;
				GCC_WARN_ABOUT_RETURN_TYPE = YES_ERROR;
				GCC_WARN_UNDECLARED_SELECTOR = YES;
				GCC_WARN_UNINITIALIZED_AUTOS = YES_AGGRESSIVE;
				GCC_WARN_UNUSED_FUNCTION = YES;
				GCC_WARN_UNUSED_VARIABLE = YES;
				IPHONEOS_DEPLOYMENT_TARGET = 11.4;
				MTL_ENABLE_DEBUG_INFO = NO;
				SDKROOT = iphoneos;
				SWIFT_COMPILATION_MODE = wholemodule;
				SWIFT_OPTIMIZATION_LEVEL = "-O";
				VALIDATE_PRODUCT = YES;
			};
			name = Release;
		};
		F13E757421FE667C00A578B4 /* Debug */ = {
			isa = XCBuildConfiguration;
			buildSettings = {
				ASSETCATALOG_COMPILER_APPICON_NAME = AppIcon;
				CODE_SIGN_STYLE = Automatic;
				INFOPLIST_FILE = tippy/Info.plist;
				LD_RUNPATH_SEARCH_PATHS = (
					"$(inherited)",
					"@executable_path/Frameworks",
				);
				PRODUCT_BUNDLE_IDENTIFIER = com.jtran.tippy;
				PRODUCT_NAME = "$(TARGET_NAME)";
				SWIFT_VERSION = 4.0;
				TARGETED_DEVICE_FAMILY = "1,2";
			};
			name = Debug;
		};
		F13E757521FE667C00A578B4 /* Release */ = {
			isa = XCBuildConfiguration;
			buildSettings = {
				ASSETCATALOG_COMPILER_APPICON_NAME = AppIcon;
				CODE_SIGN_STYLE = Automatic;
				INFOPLIST_FILE = tippy/Info.plist;
				LD_RUNPATH_SEARCH_PATHS = (
					"$(inherited)",
					"@executable_path/Frameworks",
				);
				PRODUCT_BUNDLE_IDENTIFIER = com.jtran.tippy;
				PRODUCT_NAME = "$(TARGET_NAME)";
				SWIFT_VERSION = 4.0;
				TARGETED_DEVICE_FAMILY = "1,2";
			};
			name = Release;
		};
		F13E757721FE667C00A578B4 /* Debug */ = {
			isa = XCBuildConfiguration;
			buildSettings = {
				ALWAYS_EMBED_SWIFT_STANDARD_LIBRARIES = YES;
				BUNDLE_LOADER = "$(TEST_HOST)";
				CODE_SIGN_STYLE = Automatic;
				INFOPLIST_FILE = tippyTests/Info.plist;
				LD_RUNPATH_SEARCH_PATHS = (
					"$(inherited)",
					"@executable_path/Frameworks",
					"@loader_path/Frameworks",
				);
				PRODUCT_BUNDLE_IDENTIFIER = com.jtran.tippyTests;
				PRODUCT_NAME = "$(TARGET_NAME)";
				SWIFT_VERSION = 4.0;
				TARGETED_DEVICE_FAMILY = "1,2";
				TEST_HOST = "$(BUILT_PRODUCTS_DIR)/tippy.app/tippy";
			};
			name = Debug;
		};
		F13E757821FE667C00A578B4 /* Release */ = {
			isa = XCBuildConfiguration;
			buildSettings = {
				ALWAYS_EMBED_SWIFT_STANDARD_LIBRARIES = YES;
				BUNDLE_LOADER = "$(TEST_HOST)";
				CODE_SIGN_STYLE = Automatic;
				INFOPLIST_FILE = tippyTests/Info.plist;
				LD_RUNPATH_SEARCH_PATHS = (
					"$(inherited)",
					"@executable_path/Frameworks",
					"@loader_path/Frameworks",
				);
				PRODUCT_BUNDLE_IDENTIFIER = com.jtran.tippyTests;
				PRODUCT_NAME = "$(TARGET_NAME)";
				SWIFT_VERSION = 4.0;
				TARGETED_DEVICE_FAMILY = "1,2";
				TEST_HOST = "$(BUILT_PRODUCTS_DIR)/tippy.app/tippy";
			};
			name = Release;
		};
		F13E757A21FE667C00A578B4 /* Debug */ = {
			isa = XCBuildConfiguration;
			buildSettings = {
				ALWAYS_EMBED_SWIFT_STANDARD_LIBRARIES = YES;
				CODE_SIGN_STYLE = Automatic;
				INFOPLIST_FILE = tippyUITests/Info.plist;
				LD_RUNPATH_SEARCH_PATHS = (
					"$(inherited)",
					"@executable_path/Frameworks",
					"@loader_path/Frameworks",
				);
				PRODUCT_BUNDLE_IDENTIFIER = com.jtran.tippyUITests;
				PRODUCT_NAME = "$(TARGET_NAME)";
				SWIFT_VERSION = 4.0;
				TARGETED_DEVICE_FAMILY = "1,2";
				TEST_TARGET_NAME = tippy;
			};
			name = Debug;
		};
		F13E757B21FE667C00A578B4 /* Release */ = {
			isa = XCBuildConfiguration;
			buildSettings = {
				ALWAYS_EMBED_SWIFT_STANDARD_LIBRARIES = YES;
				CODE_SIGN_STYLE = Automatic;
				INFOPLIST_FILE = tippyUITests/Info.plist;
				LD_RUNPATH_SEARCH_PATHS = (
					"$(inherited)",
					"@executable_path/Frameworks",
					"@loader_path/Frameworks",
				);
				PRODUCT_BUNDLE_IDENTIFIER = com.jtran.tippyUITests;
				PRODUCT_NAME = "$(TARGET_NAME)";
				SWIFT_VERSION = 4.0;
				TARGETED_DEVICE_FAMILY = "1,2";
				TEST_TARGET_NAME = tippy;
			};
			name = Release;
		};
/* End XCBuildConfiguration section */

/* Begin XCConfigurationList section */
		F13E754621FE667B00A578B4 /* Build configuration list for PBXProject "tippy" */ = {
			isa = XCConfigurationList;
			buildConfigurations = (
				F13E757121FE667C00A578B4 /* Debug */,
				F13E757221FE667C00A578B4 /* Release */,
			);
			defaultConfigurationIsVisible = 0;
			defaultConfigurationName = Release;
		};
		F13E757321FE667C00A578B4 /* Build configuration list for PBXNativeTarget "tippy" */ = {
			isa = XCConfigurationList;
			buildConfigurations = (
				F13E757421FE667C00A578B4 /* Debug */,
				F13E757521FE667C00A578B4 /* Release */,
			);
			defaultConfigurationIsVisible = 0;
			defaultConfigurationName = Release;
		};
		F13E757621FE667C00A578B4 /* Build configuration list for PBXNativeTarget "tippyTests" */ = {
			isa = XCConfigurationList;
			buildConfigurations = (
				F13E757721FE667C00A578B4 /* Debug */,
				F13E757821FE667C00A578B4 /* Release */,
			);
			defaultConfigurationIsVisible = 0;
			defaultConfigurationName = Release;
		};
		F13E757921FE667C00A578B4 /* Build configuration list for PBXNativeTarget "tippyUITests" */ = {
			isa = XCConfigurationList;
			buildConfigurations = (
				F13E757A21FE667C00A578B4 /* Debug */,
				F13E757B21FE667C00A578B4 /* Release */,
			);
			defaultConfigurationIsVisible = 0;
			defaultConfigurationName = Release;
		};
/* End XCConfigurationList section */
	};
	rootObject = F13E754321FE667B00A578B4 /* Project object */;
}
